
Microsoft Visual Studio Solution File, Format Version 12.00
# Visual Studio Version 17
VisualStudioVersion = 17.0.31808.319
MinimumVisualStudioVersion = 10.0.40219.1
Project("{FAE04EC0-301F-11D3-BF4B-00C04F79EFBC}") = "bevasarlo1", "bevasarlo1\bevasarlo1.csproj", "{A7B02B8C-88B9-4F1B-AB10-2485841B66B8}"
EndProject
Global
	GlobalSection(SolutionConfigurationPlatforms) = preSolution
		Debug|Any CPU = Debug|Any CPU
		Release|Any CPU = Release|Any CPU
	EndGlobalSection
	GlobalSection(ProjectConfigurationPlatforms) = postSolution
		{A7B02B8C-88B9-4F1B-AB10-2485841B66B8}.Debug|Any CPU.ActiveCfg = Debug|Any CPU
		{A7B02B8C-88B9-4F1B-AB10-2485841B66B8}.Debug|Any CPU.Build.0 = Debug|Any CPU
		{A7B02B8C-88B9-4F1B-AB10-2485841B66B8}.Release|Any CPU.ActiveCfg = Release|Any CPU
		{A7B02B8C-88B9-4F1B-AB10-2485841B66B8}.Release|Any CPU.Build.0 = Release|Any CPU
	EndGlobalSection
	GlobalSection(SolutionProperties) = preSolution
		HideSolutionNode = FALSE
	EndGlobalSection
	GlobalSection(ExtensibilityGlobals) = postSolution
		SolutionGuid = {84966421-C75D-4F24-B77E-56BD30FC0BF6}
	EndGlobalSection
EndGlobal
